
Microsoft Visual Studio Solution File, Format Version 12.00
# Visual Studio Version 17
VisualStudioVersion = 17.8.34004.107
MinimumVisualStudioVersion = 10.0.40219.1
Project("{FAE04EC0-301F-11D3-BF4B-00C04F79EFBC}") = "Customers.API", "Customers.API.csproj", "{7D5A402C-D62E-44FA-B8D8-94FF518EE8A1}"
EndProject
Global
	GlobalSection(SolutionConfigurationPlatforms) = preSolution
		Debug|Any CPU = Debug|Any CPU
		Release|Any CPU = Release|Any CPU
	EndGlobalSection
	GlobalSection(ProjectConfigurationPlatforms) = postSolution
		{7D5A402C-D62E-44FA-B8D8-94FF518EE8A1}.Debug|Any CPU.ActiveCfg = Debug|Any CPU
		{7D5A402C-D62E-44FA-B8D8-94FF518EE8A1}.Debug|Any CPU.Build.0 = Debug|Any CPU
		{7D5A402C-D62E-44FA-B8D8-94FF518EE8A1}.Release|Any CPU.ActiveCfg = Release|Any CPU
		{7D5A402C-D62E-44FA-B8D8-94FF518EE8A1}.Release|Any CPU.Build.0 = Release|Any CPU
	EndGlobalSection
	GlobalSection(SolutionProperties) = preSolution
		HideSolutionNode = FALSE
	EndGlobalSection
	GlobalSection(ExtensibilityGlobals) = postSolution
		SolutionGuid = {2BE27C4D-1C7F-4973-9D59-E2ACCE9CC759}
	EndGlobalSection
EndGlobal
